
Microsoft Visual Studio Solution File, Format Version 12.00
# Visual Studio Version 16
VisualStudioVersion = 16.0.30804.86
MinimumVisualStudioVersion = 10.0.40219.1
Project("{FAE04EC0-301F-11D3-BF4B-00C04F79EFBC}") = "ZanzerdBot", "ZanzerdBot\ZanzerdBot.csproj", "{61D8DBF0-D884-435D-95D4-AA2A2F9677E5}"
EndProject
Global
	GlobalSection(SolutionConfigurationPlatforms) = preSolution
		Debug|Any CPU = Debug|Any CPU
		Release|Any CPU = Release|Any CPU
	EndGlobalSection
	GlobalSection(ProjectConfigurationPlatforms) = postSolution
		{61D8DBF0-D884-435D-95D4-AA2A2F9677E5}.Debug|Any CPU.ActiveCfg = Debug|Any CPU
		{61D8DBF0-D884-435D-95D4-AA2A2F9677E5}.Debug|Any CPU.Build.0 = Debug|Any CPU
		{61D8DBF0-D884-435D-95D4-AA2A2F9677E5}.Release|Any CPU.ActiveCfg = Release|Any CPU
		{61D8DBF0-D884-435D-95D4-AA2A2F9677E5}.Release|Any CPU.Build.0 = Release|Any CPU
	EndGlobalSection
	GlobalSection(SolutionProperties) = preSolution
		HideSolutionNode = FALSE
	EndGlobalSection
	GlobalSection(ExtensibilityGlobals) = postSolution
		SolutionGuid = {21ACADE9-083B-4944-96C2-7774757D3380}
	EndGlobalSection
EndGlobal
